
Microsoft Visual Studio Solution File, Format Version 12.00
# Visual Studio Version 16
VisualStudioVersion = 16.0.31321.278
MinimumVisualStudioVersion = 10.0.40219.1
Project("{9A19103F-16F7-4668-BE54-9A1E7A4F7556}") = "Shortener", "Shortener\Shortener.csproj", "{BEE2EAC2-0E99-4EAF-B472-ED57E69CDD3A}"
EndProject
Project("{9A19103F-16F7-4668-BE54-9A1E7A4F7556}") = "Domain", "Domain\Domain.csproj", "{FE03ECAC-9FD5-402B-A986-1E07FB79C88E}"
EndProject
Project("{9A19103F-16F7-4668-BE54-9A1E7A4F7556}") = "Infrastructure", "Infrastructure\Infrastructure.csproj", "{594B71C3-1344-45A8-A93F-FD08716DC954}"
EndProject
Project("{2150E333-8FDC-42A3-9474-1A3956D46DE8}") = "Solution Items", "Solution Items", "{B77D3C36-6E08-4024-8E3D-B7874155C279}"
	ProjectSection(SolutionItems) = preProject
		README.md = README.md
	EndProjectSection
EndProject
Global
	GlobalSection(SolutionConfigurationPlatforms) = preSolution
		Debug|Any CPU = Debug|Any CPU
		Release|Any CPU = Release|Any CPU
	EndGlobalSection
	GlobalSection(ProjectConfigurationPlatforms) = postSolution
		{BEE2EAC2-0E99-4EAF-B472-ED57E69CDD3A}.Debug|Any CPU.ActiveCfg = Debug|Any CPU
		{BEE2EAC2-0E99-4EAF-B472-ED57E69CDD3A}.Debug|Any CPU.Build.0 = Debug|Any CPU
		{BEE2EAC2-0E99-4EAF-B472-ED57E69CDD3A}.Release|Any CPU.ActiveCfg = Release|Any CPU
		{BEE2EAC2-0E99-4EAF-B472-ED57E69CDD3A}.Release|Any CPU.Build.0 = Release|Any CPU
		{FE03ECAC-9FD5-402B-A986-1E07FB79C88E}.Debug|Any CPU.ActiveCfg = Debug|Any CPU
		{FE03ECAC-9FD5-402B-A986-1E07FB79C88E}.Debug|Any CPU.Build.0 = Debug|Any CPU
		{FE03ECAC-9FD5-402B-A986-1E07FB79C88E}.Release|Any CPU.ActiveCfg = Release|Any CPU
		{FE03ECAC-9FD5-402B-A986-1E07FB79C88E}.Release|Any CPU.Build.0 = Release|Any CPU
		{594B71C3-1344-45A8-A93F-FD08716DC954}.Debug|Any CPU.ActiveCfg = Debug|Any CPU
		{594B71C3-1344-45A8-A93F-FD08716DC954}.Debug|Any CPU.Build.0 = Debug|Any CPU
		{594B71C3-1344-45A8-A93F-FD08716DC954}.Release|Any CPU.ActiveCfg = Release|Any CPU
		{594B71C3-1344-45A8-A93F-FD08716DC954}.Release|Any CPU.Build.0 = Release|Any CPU
	EndGlobalSection
	GlobalSection(SolutionProperties) = preSolution
		HideSolutionNode = FALSE
	EndGlobalSection
	GlobalSection(ExtensibilityGlobals) = postSolution
		SolutionGuid = {52B2176B-740B-42A9-926F-8B766071ED2F}
	EndGlobalSection
EndGlobal
